{
  "name": "timer",
  "version": "1.0.0",
  "lockfileVersion": 2,
  "requires": true,
  "packages": {
    "": {
      "name": "timer",
      "version": "1.0.0",
      "license": "ISC",
      "dependencies": {
        "sound-player": "^1.0.13"
      }
    },
    "node_modules/sound-player": {
      "version": "1.0.13",
      "resolved": "https://registry.npmjs.org/sound-player/-/sound-player-1.0.13.tgz",
      "integrity": "sha512-6CEsn105I3fuXkhN9U2dwrHn3W50HXHngKep9h5zfS2+IIyaiNRCOD6bS1Y6/t/o3Lxi+0ouLMHY4ahuYGitXg=="
    }
  },
  "dependencies": {
    "sound-player": {
      "version": "1.0.13",
      "resolved": "https://registry.npmjs.org/sound-player/-/sound-player-1.0.13.tgz",
      "integrity": "sha512-6CEsn105I3fuXkhN9U2dwrHn3W50HXHngKep9h5zfS2+IIyaiNRCOD6bS1Y6/t/o3Lxi+0ouLMHY4ahuYGitXg=="
    }
  }
}
